<Solution>
  <Project Path="VideoGamesCatalog.Api/VideoGamesCatalog.Api.csproj" />
  <Project Path="VideoGamesCatalog.DataAccess/VideoGamesCatalog.DataAccess.csproj" />
  <Project Path="VideoGamesCatalog.DomainModel/VideoGamesCatalog.DomainModel.csproj" Id="a45db724-6e80-4865-9415-b98ff5badb8d" />
</Solution>
